
Microsoft Visual Studio Solution File, Format Version 12.00
# Visual Studio Version 16
VisualStudioVersion = 16.0.31424.327
MinimumVisualStudioVersion = 10.0.40219.1
Project("{FAE04EC0-301F-11D3-BF4B-00C04F79EFBC}") = "GuessTheNum", "GuessTheNum\GuessTheNum.csproj", "{DF48D60D-7F7D-4396-9C9D-E9987D0B9FC3}"
EndProject
Global
	GlobalSection(SolutionConfigurationPlatforms) = preSolution
		Debug|Any CPU = Debug|Any CPU
		Release|Any CPU = Release|Any CPU
	EndGlobalSection
	GlobalSection(ProjectConfigurationPlatforms) = postSolution
		{DF48D60D-7F7D-4396-9C9D-E9987D0B9FC3}.Debug|Any CPU.ActiveCfg = Debug|Any CPU
		{DF48D60D-7F7D-4396-9C9D-E9987D0B9FC3}.Debug|Any CPU.Build.0 = Debug|Any CPU
		{DF48D60D-7F7D-4396-9C9D-E9987D0B9FC3}.Release|Any CPU.ActiveCfg = Release|Any CPU
		{DF48D60D-7F7D-4396-9C9D-E9987D0B9FC3}.Release|Any CPU.Build.0 = Release|Any CPU
	EndGlobalSection
	GlobalSection(SolutionProperties) = preSolution
		HideSolutionNode = FALSE
	EndGlobalSection
	GlobalSection(ExtensibilityGlobals) = postSolution
		SolutionGuid = {8C28E324-58A3-4649-A62D-A066DBDAED20}
	EndGlobalSection
EndGlobal
